
Microsoft Visual Studio Solution File, Format Version 12.00
# Visual Studio 15
VisualStudioVersion = 15.0.28307.168
MinimumVisualStudioVersion = 10.0.40219.1
Project("{FAE04EC0-301F-11D3-BF4B-00C04F79EFBC}") = "RegAadhar", "RegAadhar\RegAadhar.csproj", "{1B7D5BD0-2CEC-42D8-84C0-8DD7C6DD4B0F}"
EndProject
Project("{FAE04EC0-301F-11D3-BF4B-00C04F79EFBC}") = "Adhar_bll", "Adhar_bll\Adhar_bll.csproj", "{F2905D57-FA3A-4889-A7FF-280554992B67}"
EndProject
Project("{FAE04EC0-301F-11D3-BF4B-00C04F79EFBC}") = "Adhar_dal", "Adhar_dal\Adhar_dal.csproj", "{AA50477C-B2A1-48D8-ADB1-B640DEA610D7}"
EndProject
Project("{FAE04EC0-301F-11D3-BF4B-00C04F79EFBC}") = "Adhar_bo", "Adhar_bo\Adhar_bo.csproj", "{56E69ED4-E277-4E4C-B1E1-8B24925894E7}"
EndProject
Project("{FAE04EC0-301F-11D3-BF4B-00C04F79EFBC}") = "Adhar_Types", "Adhar_Types\Adhar_Types.csproj", "{2A92738A-7710-4D62-ADD3-FCC4286D348A}"
EndProject
Global
	GlobalSection(SolutionConfigurationPlatforms) = preSolution
		Debug|Any CPU = Debug|Any CPU
		Release|Any CPU = Release|Any CPU
	EndGlobalSection
	GlobalSection(ProjectConfigurationPlatforms) = postSolution
		{1B7D5BD0-2CEC-42D8-84C0-8DD7C6DD4B0F}.Debug|Any CPU.ActiveCfg = Debug|Any CPU
		{1B7D5BD0-2CEC-42D8-84C0-8DD7C6DD4B0F}.Debug|Any CPU.Build.0 = Debug|Any CPU
		{1B7D5BD0-2CEC-42D8-84C0-8DD7C6DD4B0F}.Release|Any CPU.ActiveCfg = Release|Any CPU
		{1B7D5BD0-2CEC-42D8-84C0-8DD7C6DD4B0F}.Release|Any CPU.Build.0 = Release|Any CPU
		{F2905D57-FA3A-4889-A7FF-280554992B67}.Debug|Any CPU.ActiveCfg = Debug|Any CPU
		{F2905D57-FA3A-4889-A7FF-280554992B67}.Debug|Any CPU.Build.0 = Debug|Any CPU
		{F2905D57-FA3A-4889-A7FF-280554992B67}.Release|Any CPU.ActiveCfg = Release|Any CPU
		{F2905D57-FA3A-4889-A7FF-280554992B67}.Release|Any CPU.Build.0 = Release|Any CPU
		{AA50477C-B2A1-48D8-ADB1-B640DEA610D7}.Debug|Any CPU.ActiveCfg = Debug|Any CPU
		{AA50477C-B2A1-48D8-ADB1-B640DEA610D7}.Debug|Any CPU.Build.0 = Debug|Any CPU
		{AA50477C-B2A1-48D8-ADB1-B640DEA610D7}.Release|Any CPU.ActiveCfg = Release|Any CPU
		{AA50477C-B2A1-48D8-ADB1-B640DEA610D7}.Release|Any CPU.Build.0 = Release|Any CPU
		{56E69ED4-E277-4E4C-B1E1-8B24925894E7}.Debug|Any CPU.ActiveCfg = Debug|Any CPU
		{56E69ED4-E277-4E4C-B1E1-8B24925894E7}.Debug|Any CPU.Build.0 = Debug|Any CPU
		{56E69ED4-E277-4E4C-B1E1-8B24925894E7}.Release|Any CPU.ActiveCfg = Release|Any CPU
		{56E69ED4-E277-4E4C-B1E1-8B24925894E7}.Release|Any CPU.Build.0 = Release|Any CPU
		{2A92738A-7710-4D62-ADD3-FCC4286D348A}.Debug|Any CPU.ActiveCfg = Debug|Any CPU
		{2A92738A-7710-4D62-ADD3-FCC4286D348A}.Debug|Any CPU.Build.0 = Debug|Any CPU
		{2A92738A-7710-4D62-ADD3-FCC4286D348A}.Release|Any CPU.ActiveCfg = Release|Any CPU
		{2A92738A-7710-4D62-ADD3-FCC4286D348A}.Release|Any CPU.Build.0 = Release|Any CPU
	EndGlobalSection
	GlobalSection(SolutionProperties) = preSolution
		HideSolutionNode = FALSE
	EndGlobalSection
	GlobalSection(ExtensibilityGlobals) = postSolution
		SolutionGuid = {E0420BA0-1C5B-4D1A-A722-EDBEBE2A5329}
	EndGlobalSection
EndGlobal
